# THIS IS AN AUTOGENERATED FILE. DO NOT EDIT THIS FILE DIRECTLY.
# yarn lockfile v1


"@playwright/test@^1.45.1":
  version "1.45.1"
  resolved "https://registry.yarnpkg.com/@playwright/test/-/test-1.45.1.tgz#819b90fa43d17000fce5ebd127043fd661938b7a"
  integrity sha512-Wo1bWTzQvGA7LyKGIZc8nFSTFf2TkthGIFBR+QVNilvwouGzFd4PYukZe3rvf5PSqjHi1+1NyKSDZKcQWETzaA==
  dependencies:
    playwright "1.45.1"

"@types/node@^20.14.10":
  version "20.14.10"
  resolved "https://registry.yarnpkg.com/@types/node/-/node-20.14.10.tgz#a1a218290f1b6428682e3af044785e5874db469a"
  integrity sha512-MdiXf+nDuMvY0gJKxyfZ7/6UFsETO7mGKF54MVD/ekJS6HdFtpZFBgrh6Pseu64XTb2MLyFPlbW6hj8HYRQNOQ==
  dependencies:
    undici-types "~5.26.4"

allure-commandline@^2.29.0:
  version "2.29.0"
  resolved "https://registry.yarnpkg.com/allure-commandline/-/allure-commandline-2.29.0.tgz#4bdd67a174f48a0c429727a4b02602c8fc4e7620"
  integrity sha512-he/oWJflViIdEmuQ4er5k+xRd//PaVVElHHTx01h6W71KM9qKiLeF5MloV93UBYoJRzjD9fgbZedSMKemCEGkQ==

allure-js-commons@3.0.0-beta.6:
  version "3.0.0-beta.6"
  resolved "https://registry.yarnpkg.com/allure-js-commons/-/allure-js-commons-3.0.0-beta.6.tgz#43ddd4a578c30ccad59880d31acfb59b69eb2635"
  integrity sha512-blkS1JG6kHSrplluBqrEcRvFHSaL1YTcN5w1IXpTnMAwPDluTfVAP2RYCWpeAzgELfAh5e/AMVWXt7wt6qKMXw==
  dependencies:
    md5 "^2.3.0"
    properties "^1.2.1"

allure-playwright@^3.0.0-beta.6:
  version "3.0.0-beta.6"
  resolved "https://registry.yarnpkg.com/allure-playwright/-/allure-playwright-3.0.0-beta.6.tgz#b329a8e0580dc248ce8e664ce2d46d92b3e6f063"
  integrity sha512-tXJzwqW8fEugEczsdZAM7WIDjFaALGiaBg4aNqqmBXwf507Wq82Giwa8jlagGHsMQjdvjK+ZFP/Fo0Mt6COr4g==
  dependencies:
    allure-js-commons "3.0.0-beta.6"

charenc@0.0.2:
  version "0.0.2"
  resolved "https://registry.yarnpkg.com/charenc/-/charenc-0.0.2.tgz#c0a1d2f3a7092e03774bfa83f14c0fc5790a8667"
  integrity sha512-yrLQ/yVUFXkzg7EDQsPieE/53+0RlaWTs+wBrvW36cyilJ2SaDWfl4Yj7MtLTXleV9uEKefbAGUPv2/iWSooRA==

crypt@0.0.2:
  version "0.0.2"
  resolved "https://registry.yarnpkg.com/crypt/-/crypt-0.0.2.tgz#88d7ff7ec0dfb86f713dc87bbb42d044d3e6c41b"
  integrity sha512-mCxBlsHFYh9C+HVpiEacem8FEBnMXgU9gy4zmNC+SXAZNB/1idgp/aulFJ4FgCi7GPEVbfyng092GqL2k2rmow==

fsevents@2.3.2:
  version "2.3.2"
  resolved "https://registry.yarnpkg.com/fsevents/-/fsevents-2.3.2.tgz#8a526f78b8fdf4623b709e0b975c52c24c02fd1a"
  integrity sha512-xiqMQR4xAeHTuB9uWm+fFRcIOgKBMiOBP+eXiyT7jsgVCq1bkVygt00oASowB7EdtpOHaaPgKt812P9ab+DDKA==

is-buffer@~1.1.6:
  version "1.1.6"
  resolved "https://registry.yarnpkg.com/is-buffer/-/is-buffer-1.1.6.tgz#efaa2ea9daa0d7ab2ea13a97b2b8ad51fefbe8be"
  integrity sha512-NcdALwpXkTm5Zvvbk7owOUSvVvBKDgKP5/ewfXEznmQFfs4ZRmanOeKBTjRVjka3QFoN6XJ+9F3USqfHqTaU5w==

md5@^2.3.0:
  version "2.3.0"
  resolved "https://registry.yarnpkg.com/md5/-/md5-2.3.0.tgz#c3da9a6aae3a30b46b7b0c349b87b110dc3bda4f"
  integrity sha512-T1GITYmFaKuO91vxyoQMFETst+O71VUPEU3ze5GNzDm0OWdP8v1ziTaAEPUr/3kLsY3Sftgz242A1SetQiDL7g==
  dependencies:
    charenc "0.0.2"
    crypt "0.0.2"
    is-buffer "~1.1.6"

playwright-core@1.45.1:
  version "1.45.1"
  resolved "https://registry.yarnpkg.com/playwright-core/-/playwright-core-1.45.1.tgz#549a2701556b58245cc75263f9fc2795c1158dc1"
  integrity sha512-LF4CUUtrUu2TCpDw4mcrAIuYrEjVDfT1cHbJMfwnE2+1b8PZcFzPNgvZCvq2JfQ4aTjRCCHw5EJ2tmr2NSzdPg==

playwright@1.45.1:
  version "1.45.1"
  resolved "https://registry.yarnpkg.com/playwright/-/playwright-1.45.1.tgz#aaa6b0d6db14796b599d80c6679e63444e942534"
  integrity sha512-Hjrgae4kpSQBr98nhCj3IScxVeVUixqj+5oyif8TdIn2opTCPEzqAqNMeK42i3cWDCVu9MI+ZsGWw+gVR4ISBg==
  dependencies:
    playwright-core "1.45.1"
  optionalDependencies:
    fsevents "2.3.2"

properties@^1.2.1:
  version "1.2.1"
  resolved "https://registry.yarnpkg.com/properties/-/properties-1.2.1.tgz#0ee97a7fc020b1a2a55b8659eda4aa8d869094bd"
  integrity sha512-qYNxyMj1JeW54i/EWEFsM1cVwxJbtgPp8+0Wg9XjNaK6VE/c4oRi6PNu5p7w1mNXEIQIjV5Wwn8v8Gz82/QzdQ==

undici-types@~5.26.4:
  version "5.26.5"
  resolved "https://registry.yarnpkg.com/undici-types/-/undici-types-5.26.5.tgz#bcd539893d00b56e964fd2657a4866b221a65617"
  integrity sha512-JlCMO+ehdEIKqlFxk6IfVoAUVmgz7cU7zD/h9XZ0qzeosSHmUJVOzSQvvYSYWXkFXC+IfLKSIffhv0sVZup6pA==
